<?xml version="1.0" encoding="utf-8"?>
<Project ToolsVersion="4.0" xmlns="http://schemas.microsoft.com/developer/msbuild/2003">
  <ItemGroup>
    <Filter Include="code">
      <UniqueIdentifier>{803E957C-6C75-960D-1562-7C100178120F}</UniqueIdentifier>
    </Filter>
    <Filter Include="testlib">
      <UniqueIdentifier>{9CA31ED9-0883-9D74-119B-284B7DF903D6}</UniqueIdentifier>
    </Filter>
    <Filter Include="tests">
      <UniqueIdentifier>{78756B10-E489-93C1-AD0B-372119DF8FF2}</UniqueIdentifier>
    </Filter>
  </ItemGroup>
  <ItemGroup>
    <ClCompile Include="..\code\CoverageMacro.cpp">
      <Filter>code</Filter>
    </ClCompile>
    <ClCompile Include="..\code\CoverageSrc.cpp">
      <Filter>code</Filter>
    </ClCompile>
    <ClCompile Include="..\testlib\test.cpp">
      <Filter>testlib</Filter>
    </ClCompile>
    <ClCompile Include="..\tests\Tests_B_Macro.cpp">
      <Filter>tests</Filter>
    </ClCompile>
    <ClCompile Include="..\tests\Tests_Count.cpp">
      <Filter>tests</Filter>
    </ClCompile>
    <ClCompile Include="..\tests\Tests_Exclude.cpp">
      <Filter>tests</Filter>
    </ClCompile>
    <ClCompile Include="..\tests\Tests_FD_SET.cpp">
      <Filter>tests</Filter>
    </ClCompile>
    <ClCompile Include="..\tests\Tests_Macro.cpp">
      <Filter>tests</Filter>
    </ClCompile>
    <ClCompile Include="..\tests\Tests_Mod_Cpp.cpp">
      <Filter>tests</Filter>
    </ClCompile>
    <ClCompile Include="..\tests\Tests_standard.cpp">
      <Filter>tests</Filter>
    </ClCompile>
    <ClCompile Include="..\tests\Tests_standard_Part.cpp">
      <Filter>tests</Filter>
    </ClCompile>
  </ItemGroup>
</Project>